{
  "name": "rust-playground",
  "version": "1.0.0",
  "lockfileVersion": 3,
  "requires": true,
  "packages": {
    "": {
      "name": "rust-playground",
      "version": "1.0.0",
      "license": "ISC",
      "dependencies": {
        "sqlx-ts": "^0.16.0"
      }
    },
    "node_modules/sqlx-ts": {
      "version": "0.16.0",
      "resolved": "https://registry.npmjs.org/sqlx-ts/-/sqlx-ts-0.16.0.tgz",
      "integrity": "sha512-XpH+TBLnTSpjbduxksMGatesn6tIcGIQa7gep4u7cxaZVZLxEuF+6R+r/AeEi3wrThkXAq1HXs1aYZ0ZwjSdag==",
      "hasInstallScript": true,
      "bin": {
        "sqlx-ts": "sqlx-ts"
      },
      "engines": {
        "node": ">=12"
      }
    }
  }
}
